
Microsoft Visual Studio Solution File, Format Version 12.00
# Visual Studio Version 17
VisualStudioVersion = 17.7.34031.279
MinimumVisualStudioVersion = 10.0.40219.1
Project("{FAE04EC0-301F-11D3-BF4B-00C04F79EFBC}") = "PhoneSystem", "PhoneSystem.csproj", "{4005736E-8BAB-4F9D-A7DF-B4ABA3E93050}"
EndProject
Global
	GlobalSection(SolutionConfigurationPlatforms) = preSolution
		Debug|Any CPU = Debug|Any CPU
		Release|Any CPU = Release|Any CPU
	EndGlobalSection
	GlobalSection(ProjectConfigurationPlatforms) = postSolution
		{4005736E-8BAB-4F9D-A7DF-B4ABA3E93050}.Debug|Any CPU.ActiveCfg = Debug|Any CPU
		{4005736E-8BAB-4F9D-A7DF-B4ABA3E93050}.Debug|Any CPU.Build.0 = Debug|Any CPU
		{4005736E-8BAB-4F9D-A7DF-B4ABA3E93050}.Release|Any CPU.ActiveCfg = Release|Any CPU
		{4005736E-8BAB-4F9D-A7DF-B4ABA3E93050}.Release|Any CPU.Build.0 = Release|Any CPU
	EndGlobalSection
	GlobalSection(SolutionProperties) = preSolution
		HideSolutionNode = FALSE
	EndGlobalSection
	GlobalSection(ExtensibilityGlobals) = postSolution
		SolutionGuid = {97D54CF7-A0F2-4EC4-A551-0072FA38674A}
	EndGlobalSection
EndGlobal
